
Microsoft Visual Studio Solution File, Format Version 12.00
# Visual Studio Version 16
VisualStudioVersion = 16.0.31702.278
MinimumVisualStudioVersion = 10.0.40219.1
Project("{FAE04EC0-301F-11D3-BF4B-00C04F79EFBC}") = "SDapisanpham", "SDapisanpham\SDapisanpham.csproj", "{1F5B1AAF-F901-4B12-B514-32FDE345E33A}"
EndProject
Global
	GlobalSection(SolutionConfigurationPlatforms) = preSolution
		Debug|Any CPU = Debug|Any CPU
		Release|Any CPU = Release|Any CPU
	EndGlobalSection
	GlobalSection(ProjectConfigurationPlatforms) = postSolution
		{1F5B1AAF-F901-4B12-B514-32FDE345E33A}.Debug|Any CPU.ActiveCfg = Debug|Any CPU
		{1F5B1AAF-F901-4B12-B514-32FDE345E33A}.Debug|Any CPU.Build.0 = Debug|Any CPU
		{1F5B1AAF-F901-4B12-B514-32FDE345E33A}.Release|Any CPU.ActiveCfg = Release|Any CPU
		{1F5B1AAF-F901-4B12-B514-32FDE345E33A}.Release|Any CPU.Build.0 = Release|Any CPU
	EndGlobalSection
	GlobalSection(SolutionProperties) = preSolution
		HideSolutionNode = FALSE
	EndGlobalSection
	GlobalSection(ExtensibilityGlobals) = postSolution
		SolutionGuid = {A0D78EEF-3DE1-42E6-BAB5-410D5B92B697}
	EndGlobalSection
EndGlobal
