
Microsoft Visual Studio Solution File, Format Version 12.00
# Visual Studio Version 16
VisualStudioVersion = 16.0.31702.278
MinimumVisualStudioVersion = 10.0.40219.1
Project("{FAE04EC0-301F-11D3-BF4B-00C04F79EFBC}") = "QLSP", "QLSP\QLSP.csproj", "{4A5A405E-0B43-4962-A589-B077BD762589}"
EndProject
Global
	GlobalSection(SolutionConfigurationPlatforms) = preSolution
		Debug|Any CPU = Debug|Any CPU
		Release|Any CPU = Release|Any CPU
	EndGlobalSection
	GlobalSection(ProjectConfigurationPlatforms) = postSolution
		{4A5A405E-0B43-4962-A589-B077BD762589}.Debug|Any CPU.ActiveCfg = Debug|Any CPU
		{4A5A405E-0B43-4962-A589-B077BD762589}.Debug|Any CPU.Build.0 = Debug|Any CPU
		{4A5A405E-0B43-4962-A589-B077BD762589}.Release|Any CPU.ActiveCfg = Release|Any CPU
		{4A5A405E-0B43-4962-A589-B077BD762589}.Release|Any CPU.Build.0 = Release|Any CPU
	EndGlobalSection
	GlobalSection(SolutionProperties) = preSolution
		HideSolutionNode = FALSE
	EndGlobalSection
	GlobalSection(ExtensibilityGlobals) = postSolution
		SolutionGuid = {C2F000C7-3848-4986-A41C-5549FC4E11FE}
	EndGlobalSection
EndGlobal
