
Microsoft Visual Studio Solution File, Format Version 12.00
# Visual Studio Version 16
VisualStudioVersion = 16.0.31702.278
MinimumVisualStudioVersion = 10.0.40219.1
Project("{FAE04EC0-301F-11D3-BF4B-00C04F79EFBC}") = "QLNV", "QLNV\QLNV.csproj", "{F8EBA665-FFBE-4355-B5FD-B9C7F849C998}"
EndProject
Global
	GlobalSection(SolutionConfigurationPlatforms) = preSolution
		Debug|Any CPU = Debug|Any CPU
		Release|Any CPU = Release|Any CPU
	EndGlobalSection
	GlobalSection(ProjectConfigurationPlatforms) = postSolution
		{F8EBA665-FFBE-4355-B5FD-B9C7F849C998}.Debug|Any CPU.ActiveCfg = Debug|Any CPU
		{F8EBA665-FFBE-4355-B5FD-B9C7F849C998}.Debug|Any CPU.Build.0 = Debug|Any CPU
		{F8EBA665-FFBE-4355-B5FD-B9C7F849C998}.Release|Any CPU.ActiveCfg = Release|Any CPU
		{F8EBA665-FFBE-4355-B5FD-B9C7F849C998}.Release|Any CPU.Build.0 = Release|Any CPU
	EndGlobalSection
	GlobalSection(SolutionProperties) = preSolution
		HideSolutionNode = FALSE
	EndGlobalSection
	GlobalSection(ExtensibilityGlobals) = postSolution
		SolutionGuid = {90550A0F-4ABD-4DC7-8971-7B1BF06CF429}
	EndGlobalSection
EndGlobal
